
Microsoft Visual Studio Solution File, Format Version 12.00
# Visual Studio 15
VisualStudioVersion = 15.0.26124.0
MinimumVisualStudioVersion = 15.0.26124.0
Project("{2150E333-8FDC-42A3-9474-1A3956D46DE8}") = "src", "src", "{FB759D47-7FF2-41C4-A4F2-9EB2639A3A52}"
EndProject
Project("{FAE04EC0-301F-11D3-BF4B-00C04F79EFBC}") = "Collectively.Services.Supervisor", "src\Collectively.Services.Supervisor\Collectively.Services.Supervisor.csproj", "{44A412E9-5899-47F2-9682-8CE6B6DB4C25}"
EndProject
Project("{2150E333-8FDC-42A3-9474-1A3956D46DE8}") = "tests", "tests", "{60EF9EF1-82B1-4754-A437-5A32AA88852E}"
EndProject
Project("{FAE04EC0-301F-11D3-BF4B-00C04F79EFBC}") = "Collectively.Services.Supervisor.Tests", "tests\Collectively.Services.Supervisor.Tests\Collectively.Services.Supervisor.Tests.csproj", "{4C0DEE7D-8322-419C-BB68-52452C1B4A97}"
EndProject
Global
	GlobalSection(SolutionConfigurationPlatforms) = preSolution
		Debug|Any CPU = Debug|Any CPU
		Debug|x64 = Debug|x64
		Debug|x86 = Debug|x86
		Release|Any CPU = Release|Any CPU
		Release|x64 = Release|x64
		Release|x86 = Release|x86
	EndGlobalSection
	GlobalSection(SolutionProperties) = preSolution
		HideSolutionNode = FALSE
	EndGlobalSection
	GlobalSection(ProjectConfigurationPlatforms) = postSolution
		{44A412E9-5899-47F2-9682-8CE6B6DB4C25}.Debug|Any CPU.ActiveCfg = Debug|Any CPU
		{44A412E9-5899-47F2-9682-8CE6B6DB4C25}.Debug|Any CPU.Build.0 = Debug|Any CPU
		{44A412E9-5899-47F2-9682-8CE6B6DB4C25}.Debug|x64.ActiveCfg = Debug|x64
		{44A412E9-5899-47F2-9682-8CE6B6DB4C25}.Debug|x64.Build.0 = Debug|x64
		{44A412E9-5899-47F2-9682-8CE6B6DB4C25}.Debug|x86.ActiveCfg = Debug|x86
		{44A412E9-5899-47F2-9682-8CE6B6DB4C25}.Debug|x86.Build.0 = Debug|x86
		{44A412E9-5899-47F2-9682-8CE6B6DB4C25}.Release|Any CPU.ActiveCfg = Release|Any CPU
		{44A412E9-5899-47F2-9682-8CE6B6DB4C25}.Release|Any CPU.Build.0 = Release|Any CPU
		{44A412E9-5899-47F2-9682-8CE6B6DB4C25}.Release|x64.ActiveCfg = Release|x64
		{44A412E9-5899-47F2-9682-8CE6B6DB4C25}.Release|x64.Build.0 = Release|x64
		{44A412E9-5899-47F2-9682-8CE6B6DB4C25}.Release|x86.ActiveCfg = Release|x86
		{44A412E9-5899-47F2-9682-8CE6B6DB4C25}.Release|x86.Build.0 = Release|x86
		{4C0DEE7D-8322-419C-BB68-52452C1B4A97}.Debug|Any CPU.ActiveCfg = Debug|Any CPU
		{4C0DEE7D-8322-419C-BB68-52452C1B4A97}.Debug|Any CPU.Build.0 = Debug|Any CPU
		{4C0DEE7D-8322-419C-BB68-52452C1B4A97}.Debug|x64.ActiveCfg = Debug|x64
		{4C0DEE7D-8322-419C-BB68-52452C1B4A97}.Debug|x64.Build.0 = Debug|x64
		{4C0DEE7D-8322-419C-BB68-52452C1B4A97}.Debug|x86.ActiveCfg = Debug|x86
		{4C0DEE7D-8322-419C-BB68-52452C1B4A97}.Debug|x86.Build.0 = Debug|x86
		{4C0DEE7D-8322-419C-BB68-52452C1B4A97}.Release|Any CPU.ActiveCfg = Release|Any CPU
		{4C0DEE7D-8322-419C-BB68-52452C1B4A97}.Release|Any CPU.Build.0 = Release|Any CPU
		{4C0DEE7D-8322-419C-BB68-52452C1B4A97}.Release|x64.ActiveCfg = Release|x64
		{4C0DEE7D-8322-419C-BB68-52452C1B4A97}.Release|x64.Build.0 = Release|x64
		{4C0DEE7D-8322-419C-BB68-52452C1B4A97}.Release|x86.ActiveCfg = Release|x86
		{4C0DEE7D-8322-419C-BB68-52452C1B4A97}.Release|x86.Build.0 = Release|x86
	EndGlobalSection
	GlobalSection(NestedProjects) = preSolution
		{44A412E9-5899-47F2-9682-8CE6B6DB4C25} = {FB759D47-7FF2-41C4-A4F2-9EB2639A3A52}
		{4C0DEE7D-8322-419C-BB68-52452C1B4A97} = {60EF9EF1-82B1-4754-A437-5A32AA88852E}
	EndGlobalSection
EndGlobal
